
Microsoft Visual Studio Solution File, Format Version 12.00
# Visual Studio Version 17
VisualStudioVersion = 17.13.35931.197
MinimumVisualStudioVersion = 10.0.40219.1
Project("{FAE04EC0-301F-11D3-BF4B-00C04F79EFBC}") = "website ban o to", "website ban o to\website ban o to.csproj", "{59E423AA-A636-4B5E-98AF-4BCB7333269B}"
EndProject
Global
	GlobalSection(SolutionConfigurationPlatforms) = preSolution
		Debug|Any CPU = Debug|Any CPU
		Release|Any CPU = Release|Any CPU
	EndGlobalSection
	GlobalSection(ProjectConfigurationPlatforms) = postSolution
		{59E423AA-A636-4B5E-98AF-4BCB7333269B}.Debug|Any CPU.ActiveCfg = Debug|Any CPU
		{59E423AA-A636-4B5E-98AF-4BCB7333269B}.Debug|Any CPU.Build.0 = Debug|Any CPU
		{59E423AA-A636-4B5E-98AF-4BCB7333269B}.Release|Any CPU.ActiveCfg = Release|Any CPU
		{59E423AA-A636-4B5E-98AF-4BCB7333269B}.Release|Any CPU.Build.0 = Release|Any CPU
	EndGlobalSection
	GlobalSection(SolutionProperties) = preSolution
		HideSolutionNode = FALSE
	EndGlobalSection
	GlobalSection(ExtensibilityGlobals) = postSolution
		SolutionGuid = {1DA6A62A-26C2-48AF-B5B5-E3D69A097FD5}
	EndGlobalSection
EndGlobal
